
Microsoft Visual Studio Solution File, Format Version 12.00
# Visual Studio Version 17
VisualStudioVersion = 17.7.34221.43
MinimumVisualStudioVersion = 10.0.40219.1
Project("{FAE04EC0-301F-11D3-BF4B-00C04F79EFBC}") = "FirstClassExercise", "FirstClassExercise\FirstClassExercise.csproj", "{71E1BDCD-8E88-41E5-AF7A-FFE91E2C69FF}"
EndProject
Global
	GlobalSection(SolutionConfigurationPlatforms) = preSolution
		Debug|Any CPU = Debug|Any CPU
		Release|Any CPU = Release|Any CPU
	EndGlobalSection
	GlobalSection(ProjectConfigurationPlatforms) = postSolution
		{71E1BDCD-8E88-41E5-AF7A-FFE91E2C69FF}.Debug|Any CPU.ActiveCfg = Debug|Any CPU
		{71E1BDCD-8E88-41E5-AF7A-FFE91E2C69FF}.Debug|Any CPU.Build.0 = Debug|Any CPU
		{71E1BDCD-8E88-41E5-AF7A-FFE91E2C69FF}.Release|Any CPU.ActiveCfg = Release|Any CPU
		{71E1BDCD-8E88-41E5-AF7A-FFE91E2C69FF}.Release|Any CPU.Build.0 = Release|Any CPU
	EndGlobalSection
	GlobalSection(SolutionProperties) = preSolution
		HideSolutionNode = FALSE
	EndGlobalSection
	GlobalSection(ExtensibilityGlobals) = postSolution
		SolutionGuid = {0343E0D5-9C53-40E9-B4F7-62F2690DB48B}
	EndGlobalSection
EndGlobal
